
Microsoft Visual Studio Solution File, Format Version 12.00
# Visual Studio Version 17
VisualStudioVersion = 17.8.34330.188
MinimumVisualStudioVersion = 10.0.40219.1
Project("{FAE04EC0-301F-11D3-BF4B-00C04F79EFBC}") = "quanlybanhang1", "quanlybanhang1\quanlybanhang1.csproj", "{7E9D9FF9-43CD-4E16-9C69-B89D0E5F1B95}"
EndProject
Global
	GlobalSection(SolutionConfigurationPlatforms) = preSolution
		Debug|Any CPU = Debug|Any CPU
		Release|Any CPU = Release|Any CPU
	EndGlobalSection
	GlobalSection(ProjectConfigurationPlatforms) = postSolution
		{7E9D9FF9-43CD-4E16-9C69-B89D0E5F1B95}.Debug|Any CPU.ActiveCfg = Debug|Any CPU
		{7E9D9FF9-43CD-4E16-9C69-B89D0E5F1B95}.Debug|Any CPU.Build.0 = Debug|Any CPU
		{7E9D9FF9-43CD-4E16-9C69-B89D0E5F1B95}.Release|Any CPU.ActiveCfg = Release|Any CPU
		{7E9D9FF9-43CD-4E16-9C69-B89D0E5F1B95}.Release|Any CPU.Build.0 = Release|Any CPU
	EndGlobalSection
	GlobalSection(SolutionProperties) = preSolution
		HideSolutionNode = FALSE
	EndGlobalSection
	GlobalSection(ExtensibilityGlobals) = postSolution
		SolutionGuid = {46AF7A14-210E-43A3-B459-86C4C20B9260}
	EndGlobalSection
EndGlobal
